
Microsoft Visual Studio Solution File, Format Version 12.00
# Visual Studio Version 16
VisualStudioVersion = 16.0.30804.86
MinimumVisualStudioVersion = 10.0.40219.1
Project("{8BC9CEB8-8B4A-11D0-8D11-00A0C91BC942}") = "WireFrame", "Playground\Playground.vcxproj", "{7E214FFB-7054-4C19-8113-5BA9E7B345C1}"
EndProject
Project("{8BC9CEB8-8B4A-11D0-8D11-00A0C91BC942}") = "Rasterizer", "Rasterizer\Rasterizer.vcxproj", "{C9CE9225-92B2-41CE-B891-8A3D9C832645}"
EndProject
Project("{8BC9CEB8-8B4A-11D0-8D11-00A0C91BC942}") = "spRayTracer", "spRayTracer\spRayTracer.vcxproj", "{A4AF60EC-1053-4087-99FC-54C9E1C470E1}"
EndProject
Project("{8BC9CEB8-8B4A-11D0-8D11-00A0C91BC942}") = "peteRayTracer", "peteRayTracer\peteRayTracer.vcxproj", "{8B7EA1B9-C230-44E1-A593-834A6B62A5C9}"
EndProject
Global
	GlobalSection(SolutionConfigurationPlatforms) = preSolution
		Debug|x64 = Debug|x64
		Debug|x86 = Debug|x86
		Release|x64 = Release|x64
		Release|x86 = Release|x86
	EndGlobalSection
	GlobalSection(ProjectConfigurationPlatforms) = postSolution
		{7E214FFB-7054-4C19-8113-5BA9E7B345C1}.Debug|x64.ActiveCfg = Debug|x64
		{7E214FFB-7054-4C19-8113-5BA9E7B345C1}.Debug|x64.Build.0 = Debug|x64
		{7E214FFB-7054-4C19-8113-5BA9E7B345C1}.Debug|x86.ActiveCfg = Debug|Win32
		{7E214FFB-7054-4C19-8113-5BA9E7B345C1}.Debug|x86.Build.0 = Debug|Win32
		{7E214FFB-7054-4C19-8113-5BA9E7B345C1}.Release|x64.ActiveCfg = Release|x64
		{7E214FFB-7054-4C19-8113-5BA9E7B345C1}.Release|x64.Build.0 = Release|x64
		{7E214FFB-7054-4C19-8113-5BA9E7B345C1}.Release|x86.ActiveCfg = Release|Win32
		{7E214FFB-7054-4C19-8113-5BA9E7B345C1}.Release|x86.Build.0 = Release|Win32
		{C9CE9225-92B2-41CE-B891-8A3D9C832645}.Debug|x64.ActiveCfg = Debug|x64
		{C9CE9225-92B2-41CE-B891-8A3D9C832645}.Debug|x64.Build.0 = Debug|x64
		{C9CE9225-92B2-41CE-B891-8A3D9C832645}.Debug|x86.ActiveCfg = Debug|Win32
		{C9CE9225-92B2-41CE-B891-8A3D9C832645}.Debug|x86.Build.0 = Debug|Win32
		{C9CE9225-92B2-41CE-B891-8A3D9C832645}.Release|x64.ActiveCfg = Release|x64
		{C9CE9225-92B2-41CE-B891-8A3D9C832645}.Release|x64.Build.0 = Release|x64
		{C9CE9225-92B2-41CE-B891-8A3D9C832645}.Release|x86.ActiveCfg = Release|Win32
		{C9CE9225-92B2-41CE-B891-8A3D9C832645}.Release|x86.Build.0 = Release|Win32
		{A4AF60EC-1053-4087-99FC-54C9E1C470E1}.Debug|x64.ActiveCfg = Debug|x64
		{A4AF60EC-1053-4087-99FC-54C9E1C470E1}.Debug|x64.Build.0 = Debug|x64
		{A4AF60EC-1053-4087-99FC-54C9E1C470E1}.Debug|x86.ActiveCfg = Debug|Win32
		{A4AF60EC-1053-4087-99FC-54C9E1C470E1}.Debug|x86.Build.0 = Debug|Win32
		{A4AF60EC-1053-4087-99FC-54C9E1C470E1}.Release|x64.ActiveCfg = Release|x64
		{A4AF60EC-1053-4087-99FC-54C9E1C470E1}.Release|x64.Build.0 = Release|x64
		{A4AF60EC-1053-4087-99FC-54C9E1C470E1}.Release|x86.ActiveCfg = Release|Win32
		{A4AF60EC-1053-4087-99FC-54C9E1C470E1}.Release|x86.Build.0 = Release|Win32
		{8B7EA1B9-C230-44E1-A593-834A6B62A5C9}.Debug|x64.ActiveCfg = Debug|x64
		{8B7EA1B9-C230-44E1-A593-834A6B62A5C9}.Debug|x64.Build.0 = Debug|x64
		{8B7EA1B9-C230-44E1-A593-834A6B62A5C9}.Debug|x86.ActiveCfg = Debug|Win32
		{8B7EA1B9-C230-44E1-A593-834A6B62A5C9}.Debug|x86.Build.0 = Debug|Win32
		{8B7EA1B9-C230-44E1-A593-834A6B62A5C9}.Release|x64.ActiveCfg = Release|x64
		{8B7EA1B9-C230-44E1-A593-834A6B62A5C9}.Release|x64.Build.0 = Release|x64
		{8B7EA1B9-C230-44E1-A593-834A6B62A5C9}.Release|x86.ActiveCfg = Release|Win32
		{8B7EA1B9-C230-44E1-A593-834A6B62A5C9}.Release|x86.Build.0 = Release|Win32
	EndGlobalSection
	GlobalSection(SolutionProperties) = preSolution
		HideSolutionNode = FALSE
	EndGlobalSection
	GlobalSection(ExtensibilityGlobals) = postSolution
		SolutionGuid = {935D8B03-BBF4-4227-BA8E-680C3EDFE068}
	EndGlobalSection
EndGlobal
